{
  "name": "随机森林",
  "lockfileVersion": 2,
  "requires": true,
  "packages": {
    "": {
      "dependencies": {
        "csv-parse": "^5.3.8",
        "node-csv": "^0.1.2",
        "random-forest": "^0.0.7"
      }
    },
    "node_modules/csv-parse": {
      "version": "5.3.8",
      "resolved": "https://registry.npmmirror.com/csv-parse/-/csv-parse-5.3.8.tgz",
      "integrity": "sha512-ird8lzMv9I64oqIVIHdaTbT7Yr55n2C/Nv6m1LxO7nddLEeI67468VQ9Ik+r6lwYbK9kTE1oSqAVcVKc/Uqx6g=="
    },
    "node_modules/importance": {
      "version": "0.0.4",
      "resolved": "https://registry.npmmirror.com/importance/-/importance-0.0.4.tgz",
      "integrity": "sha512-3zKffSn6BmOpFbP9WX/AVZ++ZzqVDyqhP9/rrYeum0nVh9B2bIgmJkm+E9/MNHTf9eUfXPezZholVr3aTluIzw=="
    },
    "node_modules/node-csv": {
      "version": "0.1.2",
      "resolved": "https://registry.npmmirror.com/node-csv/-/node-csv-0.1.2.tgz",
      "integrity": "sha512-QA+1yt3/EU2nqNPP0WocDlwdV6e4ECXdmpfLlNHR1OERM/kuEJ63TAhGJqvMsxm2xyfQwtOX4BWJQMdd96WM4Q==",
      "engines": {
        "node": ">=0.2.2"
      }
    },
    "node_modules/random-forest": {
      "version": "0.0.7",
      "resolved": "https://registry.npmmirror.com/random-forest/-/random-forest-0.0.7.tgz",
      "integrity": "sha512-fjVxQBZ56/BAZl7kpyWspfPiLdlGHpQltNqpQnPanEdDGdcqOqynu64KyoY3lY4FlkmvBRY9fhR3G9QdYXmJAw==",
      "dependencies": {
        "importance": "0.0.4"
      }
    }
  },
  "dependencies": {
    "csv-parse": {
      "version": "5.3.8",
      "resolved": "https://registry.npmmirror.com/csv-parse/-/csv-parse-5.3.8.tgz",
      "integrity": "sha512-ird8lzMv9I64oqIVIHdaTbT7Yr55n2C/Nv6m1LxO7nddLEeI67468VQ9Ik+r6lwYbK9kTE1oSqAVcVKc/Uqx6g=="
    },
    "importance": {
      "version": "0.0.4",
      "resolved": "https://registry.npmmirror.com/importance/-/importance-0.0.4.tgz",
      "integrity": "sha512-3zKffSn6BmOpFbP9WX/AVZ++ZzqVDyqhP9/rrYeum0nVh9B2bIgmJkm+E9/MNHTf9eUfXPezZholVr3aTluIzw=="
    },
    "node-csv": {
      "version": "0.1.2",
      "resolved": "https://registry.npmmirror.com/node-csv/-/node-csv-0.1.2.tgz",
      "integrity": "sha512-QA+1yt3/EU2nqNPP0WocDlwdV6e4ECXdmpfLlNHR1OERM/kuEJ63TAhGJqvMsxm2xyfQwtOX4BWJQMdd96WM4Q=="
    },
    "random-forest": {
      "version": "0.0.7",
      "resolved": "https://registry.npmmirror.com/random-forest/-/random-forest-0.0.7.tgz",
      "integrity": "sha512-fjVxQBZ56/BAZl7kpyWspfPiLdlGHpQltNqpQnPanEdDGdcqOqynu64KyoY3lY4FlkmvBRY9fhR3G9QdYXmJAw==",
      "requires": {
        "importance": "0.0.4"
      }
    }
  }
}
